
Microsoft Visual Studio Solution File, Format Version 12.00
Project("{FAE04EC0-301F-11D3-BF4B-00C04F79EFBC}") = "Shared.Core", "src\Shared.Core\Shared.Core.csproj", "{84186B21-3665-44B2-9C76-6067BF56C849}"
EndProject
Project("{FAE04EC0-301F-11D3-BF4B-00C04F79EFBC}") = "Shared.Data", "src\Shared.Data\Shared.Data.csproj", "{360C4D4F-1F69-4719-B54D-880926B4CE6A}"
EndProject
Project("{FAE04EC0-301F-11D3-BF4B-00C04F79EFBC}") = "Demo.Console", "src\Demo.Console\Demo.Console.csproj", "{7822DAB9-340F-4529-920F-EB0BB9749A3C}"
EndProject
Project("{FAE04EC0-301F-11D3-BF4B-00C04F79EFBC}") = "Demo.GUI", "src\Demo.GUI\Demo.GUI\Demo.GUI.csproj", "{9BCC36E5-28C7-4812-AAD5-33F8FB40498F}"
EndProject
Project("{FAE04EC0-301F-11D3-BF4B-00C04F79EFBC}") = "Demo.GUI.Android", "src\Demo.GUI\Demo.GUI.Android\Demo.GUI.Android.csproj", "{1A34B782-C3E2-486A-B693-9433CEFDFDC3}"
EndProject
Project("{FAE04EC0-301F-11D3-BF4B-00C04F79EFBC}") = "Demo.GUI.Desktop", "src\Demo.GUI\Demo.GUI.Desktop\Demo.GUI.Desktop.csproj", "{748044C0-F902-4CBD-9F62-00630FB93C5E}"
EndProject
Project("{FAE04EC0-301F-11D3-BF4B-00C04F79EFBC}") = "Demo.GUI.iOS", "src\Demo.GUI\Demo.GUI.iOS\Demo.GUI.iOS.csproj", "{95F19B1D-D834-407F-AF6A-943ACBD34DC7}"
EndProject
Project("{FAE04EC0-301F-11D3-BF4B-00C04F79EFBC}") = "Demo.GUI.Browser", "src\Demo.GUI\Demo.GUI.Browser\Demo.GUI.Browser.csproj", "{B29D9706-D275-45E3-82E4-E9830900F0DC}"
EndProject
Global
	GlobalSection(SolutionConfigurationPlatforms) = preSolution
		Debug|Any CPU = Debug|Any CPU
		Release|Any CPU = Release|Any CPU
	EndGlobalSection
	GlobalSection(ProjectConfigurationPlatforms) = postSolution
		{84186B21-3665-44B2-9C76-6067BF56C849}.Debug|Any CPU.ActiveCfg = Debug|Any CPU
		{84186B21-3665-44B2-9C76-6067BF56C849}.Debug|Any CPU.Build.0 = Debug|Any CPU
		{84186B21-3665-44B2-9C76-6067BF56C849}.Release|Any CPU.ActiveCfg = Release|Any CPU
		{84186B21-3665-44B2-9C76-6067BF56C849}.Release|Any CPU.Build.0 = Release|Any CPU
		{360C4D4F-1F69-4719-B54D-880926B4CE6A}.Debug|Any CPU.ActiveCfg = Debug|Any CPU
		{360C4D4F-1F69-4719-B54D-880926B4CE6A}.Debug|Any CPU.Build.0 = Debug|Any CPU
		{360C4D4F-1F69-4719-B54D-880926B4CE6A}.Release|Any CPU.ActiveCfg = Release|Any CPU
		{360C4D4F-1F69-4719-B54D-880926B4CE6A}.Release|Any CPU.Build.0 = Release|Any CPU
		{7822DAB9-340F-4529-920F-EB0BB9749A3C}.Debug|Any CPU.ActiveCfg = Debug|Any CPU
		{7822DAB9-340F-4529-920F-EB0BB9749A3C}.Debug|Any CPU.Build.0 = Debug|Any CPU
		{7822DAB9-340F-4529-920F-EB0BB9749A3C}.Release|Any CPU.ActiveCfg = Release|Any CPU
		{7822DAB9-340F-4529-920F-EB0BB9749A3C}.Release|Any CPU.Build.0 = Release|Any CPU
		{9BCC36E5-28C7-4812-AAD5-33F8FB40498F}.Debug|Any CPU.ActiveCfg = Debug|Any CPU
		{9BCC36E5-28C7-4812-AAD5-33F8FB40498F}.Debug|Any CPU.Build.0 = Debug|Any CPU
		{9BCC36E5-28C7-4812-AAD5-33F8FB40498F}.Release|Any CPU.ActiveCfg = Release|Any CPU
		{9BCC36E5-28C7-4812-AAD5-33F8FB40498F}.Release|Any CPU.Build.0 = Release|Any CPU
		{1A34B782-C3E2-486A-B693-9433CEFDFDC3}.Debug|Any CPU.ActiveCfg = Debug|Any CPU
		{1A34B782-C3E2-486A-B693-9433CEFDFDC3}.Debug|Any CPU.Build.0 = Debug|Any CPU
		{1A34B782-C3E2-486A-B693-9433CEFDFDC3}.Release|Any CPU.ActiveCfg = Release|Any CPU
		{1A34B782-C3E2-486A-B693-9433CEFDFDC3}.Release|Any CPU.Build.0 = Release|Any CPU
		{748044C0-F902-4CBD-9F62-00630FB93C5E}.Debug|Any CPU.ActiveCfg = Debug|Any CPU
		{748044C0-F902-4CBD-9F62-00630FB93C5E}.Debug|Any CPU.Build.0 = Debug|Any CPU
		{748044C0-F902-4CBD-9F62-00630FB93C5E}.Release|Any CPU.ActiveCfg = Release|Any CPU
		{748044C0-F902-4CBD-9F62-00630FB93C5E}.Release|Any CPU.Build.0 = Release|Any CPU
		{95F19B1D-D834-407F-AF6A-943ACBD34DC7}.Debug|Any CPU.ActiveCfg = Debug|Any CPU
		{95F19B1D-D834-407F-AF6A-943ACBD34DC7}.Debug|Any CPU.Build.0 = Debug|Any CPU
		{95F19B1D-D834-407F-AF6A-943ACBD34DC7}.Release|Any CPU.ActiveCfg = Release|Any CPU
		{95F19B1D-D834-407F-AF6A-943ACBD34DC7}.Release|Any CPU.Build.0 = Release|Any CPU
		{B29D9706-D275-45E3-82E4-E9830900F0DC}.Debug|Any CPU.ActiveCfg = Debug|Any CPU
		{B29D9706-D275-45E3-82E4-E9830900F0DC}.Debug|Any CPU.Build.0 = Debug|Any CPU
		{B29D9706-D275-45E3-82E4-E9830900F0DC}.Release|Any CPU.ActiveCfg = Release|Any CPU
		{B29D9706-D275-45E3-82E4-E9830900F0DC}.Release|Any CPU.Build.0 = Release|Any CPU
	EndGlobalSection
EndGlobal
